# THIS IS AN AUTOGENERATED FILE. DO NOT EDIT THIS FILE DIRECTLY.
# yarn lockfile v1


"@babel/code-frame@^7.0.0":
  version "7.10.4"
  resolved "https://registry.npmjs.org/@babel/code-frame/-/code-frame-7.10.4.tgz#168da1a36e90da68ae8d49c0f1b48c7c6249213a"
  dependencies:
    "@babel/highlight" "^7.10.4"

"@babel/helper-validator-identifier@^7.10.4":
  version "7.10.4"
  resolved "https://registry.npmjs.org/@babel/helper-validator-identifier/-/helper-validator-identifier-7.10.4.tgz#a78c7a7251e01f616512d31b10adcf52ada5e0d2"

"@babel/highlight@^7.10.4":
  version "7.10.4"
  resolved "https://registry.npmjs.org/@babel/highlight/-/highlight-7.10.4.tgz#7d1bdfd65753538fabe6c38596cdb76d9ac60143"
  dependencies:
    "@babel/helper-validator-identifier" "^7.10.4"
    chalk "^2.0.0"
    js-tokens "^4.0.0"

"@babel/runtime@^7.8.3":
  version "7.11.0"
  resolved "https://registry.npmjs.org/@babel/runtime/-/runtime-7.11.0.tgz#f10245877042a815e07f7e693faff0ae9d3a2aac"
  dependencies:
    regenerator-runtime "^0.13.4"

"@types/accepts@*":
  version "1.3.5"
  resolved "https://registry.npmjs.org/@types/accepts/-/accepts-1.3.5.tgz#c34bec115cfc746e04fe5a059df4ce7e7b391575"
  dependencies:
    "@types/node" "*"

"@types/body-parser@*":
  version "1.19.0"
  resolved "https://registry.npmjs.org/@types/body-parser/-/body-parser-1.19.0.tgz#0685b3c47eb3006ffed117cdd55164b61f80538f"
  dependencies:
    "@types/connect" "*"
    "@types/node" "*"

"@types/bson@*":
  version "4.0.2"
  resolved "https://registry.npmjs.org/@types/bson/-/bson-4.0.2.tgz#7accb85942fc39bbdb7515d4de437c04f698115f"
  dependencies:
    "@types/node" "*"

"@types/connect@*":
  version "3.4.33"
  resolved "https://registry.npmjs.org/@types/connect/-/connect-3.4.33.tgz#31610c901eca573b8713c3330abc6e6b9f588546"
  dependencies:
    "@types/node" "*"

"@types/content-disposition@*":
  version "0.5.3"
  resolved "https://registry.npmjs.org/@types/content-disposition/-/content-disposition-0.5.3.tgz#0aa116701955c2faa0717fc69cd1596095e49d96"

"@types/cookies@*":
  version "0.7.4"
  resolved "https://registry.npmjs.org/@types/cookies/-/cookies-0.7.4.tgz#26dedf791701abc0e36b5b79a5722f40e455f87b"
  dependencies:
    "@types/connect" "*"
    "@types/express" "*"
    "@types/keygrip" "*"
    "@types/node" "*"

"@types/events@*":
  version "3.0.0"
  resolved "https://registry.npmjs.org/@types/events/-/events-3.0.0.tgz#2862f3f58a9a7f7c3e78d79f130dd4d71c25c2a7"

"@types/express-serve-static-core@*":
  version "4.17.9"
  resolved "https://registry.npmjs.org/@types/express-serve-static-core/-/express-serve-static-core-4.17.9.tgz#2d7b34dcfd25ec663c25c85d76608f8b249667f1"
  dependencies:
    "@types/node" "*"
    "@types/qs" "*"
    "@types/range-parser" "*"

"@types/express@*":
  version "4.17.7"
  resolved "https://registry.npmjs.org/@types/express/-/express-4.17.7.tgz#42045be6475636d9801369cd4418ef65cdb0dd59"
  dependencies:
    "@types/body-parser" "*"
    "@types/express-serve-static-core" "*"
    "@types/qs" "*"
    "@types/serve-static" "*"

"@types/formidable@^1.0.31":
  version "1.0.31"
  resolved "https://registry.npmjs.org/@types/formidable/-/formidable-1.0.31.tgz#274f9dc2d0a1a9ce1feef48c24ca0859e7ec947b"
  dependencies:
    "@types/events" "*"
    "@types/node" "*"

"@types/glob@^7.1.3":
  version "7.1.3"
  resolved "https://registry.npmjs.org/@types/glob/-/glob-7.1.3.tgz#e6ba80f36b7daad2c685acd9266382e68985c183"
  dependencies:
    "@types/minimatch" "*"
    "@types/node" "*"

"@types/http-assert@*":
  version "1.5.1"
  resolved "https://registry.npmjs.org/@types/http-assert/-/http-assert-1.5.1.tgz#d775e93630c2469c2f980fc27e3143240335db3b"

"@types/jsonwebtoken@^8.5.0":
  version "8.5.0"
  resolved "https://registry.npmjs.org/@types/jsonwebtoken/-/jsonwebtoken-8.5.0.tgz#2531d5e300803aa63279b232c014acf780c981c5"
  dependencies:
    "@types/node" "*"

"@types/keygrip@*":
  version "1.0.2"
  resolved "https://registry.npmjs.org/@types/keygrip/-/keygrip-1.0.2.tgz#513abfd256d7ad0bf1ee1873606317b33b1b2a72"

"@types/koa-compose@*":
  version "3.2.5"
  resolved "https://registry.npmjs.org/@types/koa-compose/-/koa-compose-3.2.5.tgz#85eb2e80ac50be95f37ccf8c407c09bbe3468e9d"
  dependencies:
    "@types/koa" "*"

"@types/koa-json-error@^3.1.2":
  version "3.1.2"
  resolved "https://registry.npmjs.org/@types/koa-json-error/-/koa-json-error-3.1.2.tgz#4dc99d25b3e036e85646e823af6b1e313d68d942"
  dependencies:
    "@types/koa" "*"

"@types/koa-redis@^4.0.0":
  version "4.0.0"
  resolved "https://registry.npmjs.org/@types/koa-redis/-/koa-redis-4.0.0.tgz#648db9682353715e288c65fe50f9aaec6ad87608"
  dependencies:
    "@types/koa-session" "*"
    "@types/redis" "*"

"@types/koa-router@^7.4.1":
  version "7.4.1"
  resolved "https://registry.npmjs.org/@types/koa-router/-/koa-router-7.4.1.tgz#3702a4cabe4558cc4eec70d5574acc04beecff7c"
  dependencies:
    "@types/koa" "*"

"@types/koa-send@*":
  version "4.1.2"
  resolved "https://registry.npmjs.org/@types/koa-send/-/koa-send-4.1.2.tgz#978f8267ad116d12ac6a18fecd8f34c5657e09ad"
  dependencies:
    "@types/koa" "*"

"@types/koa-session@*":
  version "5.10.2"
  resolved "https://registry.npmjs.org/@types/koa-session/-/koa-session-5.10.2.tgz#5f07931313e5c0000b47bbd59a64e69bbaf08e84"
  dependencies:
    "@types/cookies" "*"
    "@types/koa" "*"

"@types/koa-static@^4.0.1":
  version "4.0.1"
  resolved "https://registry.npmjs.org/@types/koa-static/-/koa-static-4.0.1.tgz#b740d80a549b0a0a7a3b38918daecde88a7a50ec"
  dependencies:
    "@types/koa" "*"
    "@types/koa-send" "*"

"@types/koa2-cors@^2.0.1":
  version "2.0.1"
  resolved "https://registry.npmjs.org/@types/koa2-cors/-/koa2-cors-2.0.1.tgz#76a635cadc9c10e9d29a209fa2db28529dfc765a"
  dependencies:
    "@types/koa" "*"

"@types/koa@*", "@types/koa@^2.11.3":
  version "2.11.3"
  resolved "https://registry.npmjs.org/@types/koa/-/koa-2.11.3.tgz#540ece376581b12beadf9a417dd1731bc31c16ce"
  dependencies:
    "@types/accepts" "*"
    "@types/content-disposition" "*"
    "@types/cookies" "*"
    "@types/http-assert" "*"
    "@types/keygrip" "*"
    "@types/koa-compose" "*"
    "@types/node" "*"

"@types/lodash@^4.14.158":
  version "4.14.158"
  resolved "https://registry.npmjs.org/@types/lodash/-/lodash-4.14.158.tgz#b38ea8b6fe799acd076d7a8d7ab71c26ef77f785"

"@types/mime@*":
  version "2.0.3"
  resolved "https://registry.npmjs.org/@types/mime/-/mime-2.0.3.tgz#c893b73721db73699943bfc3653b1deb7faa4a3a"

"@types/minimatch@*":
  version "3.0.3"
  resolved "https://registry.npmjs.org/@types/minimatch/-/minimatch-3.0.3.tgz#3dca0e3f33b200fc7d1139c0cd96c1268cadfd9d"

"@types/mongodb@*":
  version "3.5.25"
  resolved "https://registry.npmjs.org/@types/mongodb/-/mongodb-3.5.25.tgz#ab187db04d79f8e3f15af236327dc9139d9d4736"
  dependencies:
    "@types/bson" "*"
    "@types/node" "*"

"@types/mongoose@^5.7.34":
  version "5.7.34"
  resolved "https://registry.npmjs.org/@types/mongoose/-/mongoose-5.7.34.tgz#37d226fbb00b91319ca70014d0240d09a7164187"
  dependencies:
    "@types/mongodb" "*"
    "@types/node" "*"

"@types/node@*":
  version "14.0.27"
  resolved "https://registry.npmjs.org/@types/node/-/node-14.0.27.tgz#a151873af5a5e851b51b3b065c9e63390a9e0eb1"

"@types/nodemailer@^6.4.0":
  version "6.4.0"
  resolved "https://registry.npmjs.org/@types/nodemailer/-/nodemailer-6.4.0.tgz#d8c039be3ed685c4719a026455555be82c124b74"
  dependencies:
    "@types/node" "*"

"@types/qs@*":
  version "6.9.4"
  resolved "https://registry.npmjs.org/@types/qs/-/qs-6.9.4.tgz#a59e851c1ba16c0513ea123830dd639a0a15cb6a"

"@types/range-parser@*":
  version "1.2.3"
  resolved "https://registry.npmjs.org/@types/range-parser/-/range-parser-1.2.3.tgz#7ee330ba7caafb98090bece86a5ee44115904c2c"

"@types/redis@*":
  version "2.8.25"
  resolved "https://registry.npmjs.org/@types/redis/-/redis-2.8.25.tgz#046bfff24b82effa59d74744c6fcf8995be17479"
  dependencies:
    "@types/node" "*"

"@types/serve-static@*":
  version "1.13.5"
  resolved "https://registry.npmjs.org/@types/serve-static/-/serve-static-1.13.5.tgz#3d25d941a18415d3ab092def846e135a08bbcf53"
  dependencies:
    "@types/express-serve-static-core" "*"
    "@types/mime" "*"

abbrev@1:
  version "1.1.1"
  resolved "https://registry.npmjs.org/abbrev/-/abbrev-1.1.1.tgz#f8f2c887ad10bf67f634f005b6987fed3179aac8"

accepts@^1.3.5:
  version "1.3.7"
  resolved "https://registry.npmjs.org/accepts/-/accepts-1.3.7.tgz#531bc726517a3b2b41f850021c6cc15eaab507cd"
  dependencies:
    mime-types "~2.1.24"
    negotiator "0.6.2"

ansi-regex@^2.0.0:
  version "2.1.1"
  resolved "https://registry.npmjs.org/ansi-regex/-/ansi-regex-2.1.1.tgz#c3b33ab5ee360d86e0e628f0468ae7ef27d654df"

ansi-regex@^3.0.0:
  version "3.0.0"
  resolved "https://registry.npmjs.org/ansi-regex/-/ansi-regex-3.0.0.tgz#ed0317c322064f79466c02966bddb605ab37d998"

ansi-styles@^3.2.1:
  version "3.2.1"
  resolved "https://registry.npmjs.org/ansi-styles/-/ansi-styles-3.2.1.tgz#41fbb20243e50b12be0f04b8dedbf07520ce841d"
  dependencies:
    color-convert "^1.9.0"

any-promise@^1.1.0:
  version "1.3.0"
  resolved "https://registry.npmjs.org/any-promise/-/any-promise-1.3.0.tgz#abc6afeedcea52e809cdc0376aed3ce39635d17f"

aproba@^1.0.3:
  version "1.2.0"
  resolved "https://registry.npmjs.org/aproba/-/aproba-1.2.0.tgz#6802e6264efd18c790a1b0d517f0f2627bf2c94a"

are-we-there-yet@~1.1.2:
  version "1.1.5"
  resolved "https://registry.npmjs.org/are-we-there-yet/-/are-we-there-yet-1.1.5.tgz#4b35c2944f062a8bfcda66410760350fe9ddfc21"
  dependencies:
    delegates "^1.0.0"
    readable-stream "^2.0.6"

argparse@^1.0.7:
  version "1.0.10"
  resolved "https://registry.npmjs.org/argparse/-/argparse-1.0.10.tgz#bcd6791ea5ae09725e17e5ad988134cd40b3d911"
  dependencies:
    sprintf-js "~1.0.2"

balanced-match@^1.0.0:
  version "1.0.0"
  resolved "https://registry.npmjs.org/balanced-match/-/balanced-match-1.0.0.tgz#89b4d199ab2bee49de164ea02b89ce462d71b767"

bcrypt@^5.0.0:
  version "5.0.0"
  resolved "https://registry.npmjs.org/bcrypt/-/bcrypt-5.0.0.tgz#051407c7cd5ffbfb773d541ca3760ea0754e37e2"
  dependencies:
    node-addon-api "^3.0.0"
    node-pre-gyp "0.15.0"

bl@^2.2.0:
  version "2.2.0"
  resolved "https://registry.npmjs.org/bl/-/bl-2.2.0.tgz#e1a574cdf528e4053019bb800b041c0ac88da493"
  dependencies:
    readable-stream "^2.3.5"
    safe-buffer "^5.1.1"

bluebird@3.5.1:
  version "3.5.1"
  resolved "https://registry.npmjs.org/bluebird/-/bluebird-3.5.1.tgz#d9551f9de98f1fcda1e683d17ee91a0602ee2eb9"

brace-expansion@^1.1.7:
  version "1.1.11"
  resolved "https://registry.npmjs.org/brace-expansion/-/brace-expansion-1.1.11.tgz#3c7fcbf529d87226f3d2f52b966ff5271eb441dd"
  dependencies:
    balanced-match "^1.0.0"
    concat-map "0.0.1"

bson@^1.1.4:
  version "1.1.4"
  resolved "https://registry.npmjs.org/bson/-/bson-1.1.4.tgz#f76870d799f15b854dffb7ee32f0a874797f7e89"

buffer-equal-constant-time@1.0.1:
  version "1.0.1"
  resolved "https://registry.npmjs.org/buffer-equal-constant-time/-/buffer-equal-constant-time-1.0.1.tgz#f8e71132f7ffe6e01a5c9697a4c6f3e48d5cc819"

builtin-modules@^1.1.1:
  version "1.1.1"
  resolved "https://registry.npmjs.org/builtin-modules/-/builtin-modules-1.1.1.tgz#270f076c5a72c02f5b65a47df94c5fe3a278892f"

bytes@3.1.0:
  version "3.1.0"
  resolved "https://registry.npmjs.org/bytes/-/bytes-3.1.0.tgz#f6cf7933a360e0588fa9fde85651cdc7f805d1f6"

cache-content-type@^1.0.0:
  version "1.0.1"
  resolved "https://registry.npmjs.org/cache-content-type/-/cache-content-type-1.0.1.tgz#035cde2b08ee2129f4a8315ea8f00a00dba1453c"
  dependencies:
    mime-types "^2.1.18"
    ylru "^1.2.0"

chalk@^2.0.0, chalk@^2.3.0:
  version "2.4.2"
  resolved "https://registry.npmjs.org/chalk/-/chalk-2.4.2.tgz#cd42541677a54333cf541a49108c1432b44c9424"
  dependencies:
    ansi-styles "^3.2.1"
    escape-string-regexp "^1.0.5"
    supports-color "^5.3.0"

chownr@^1.1.1:
  version "1.1.4"
  resolved "https://registry.npmjs.org/chownr/-/chownr-1.1.4.tgz#6fc9d7b42d32a583596337666e7d08084da2cc6b"

cluster-key-slot@^1.1.0:
  version "1.1.0"
  resolved "https://registry.npmjs.org/cluster-key-slot/-/cluster-key-slot-1.1.0.tgz#30474b2a981fb12172695833052bc0d01336d10d"

co-body@^5.1.1:
  version "5.2.0"
  resolved "https://registry.npmjs.org/co-body/-/co-body-5.2.0.tgz#5a0a658c46029131e0e3a306f67647302f71c124"
  dependencies:
    inflation "^2.0.0"
    qs "^6.4.0"
    raw-body "^2.2.0"
    type-is "^1.6.14"

co-wrap-all@^1.0.0:
  version "1.0.0"
  resolved "https://registry.npmjs.org/co-wrap-all/-/co-wrap-all-1.0.0.tgz#370ae3e8333510a53f6b2f7fdfbe4568a11b7ecf"
  dependencies:
    co "^4.0.0"

co@^4.0.0, co@^4.6.0:
  version "4.6.0"
  resolved "https://registry.npmjs.org/co/-/co-4.6.0.tgz#6ea6bdf3d853ae54ccb8e47bfa0bf3f9031fb184"

code-point-at@^1.0.0:
  version "1.1.0"
  resolved "https://registry.npmjs.org/code-point-at/-/code-point-at-1.1.0.tgz#0d070b4d043a5bea33a2f1a40e2edb3d9a4ccf77"

color-convert@^1.9.0:
  version "1.9.3"
  resolved "https://registry.npmjs.org/color-convert/-/color-convert-1.9.3.tgz#bb71850690e1f136567de629d2d5471deda4c1e8"
  dependencies:
    color-name "1.1.3"

color-name@1.1.3:
  version "1.1.3"
  resolved "https://registry.npmjs.org/color-name/-/color-name-1.1.3.tgz#a7d0558bd89c42f795dd42328f740831ca53bc25"

commander@^2.12.1:
  version "2.20.3"
  resolved "https://registry.npmjs.org/commander/-/commander-2.20.3.tgz#fd485e84c03eb4881c20722ba48035e8531aeb33"

concat-map@0.0.1:
  version "0.0.1"
  resolved "https://registry.npmjs.org/concat-map/-/concat-map-0.0.1.tgz#d8a96bd77fd68df7793a73036a3ba0d5405d477b"

console-control-strings@^1.0.0, console-control-strings@~1.1.0:
  version "1.1.0"
  resolved "https://registry.npmjs.org/console-control-strings/-/console-control-strings-1.1.0.tgz#3d7cf4464db6446ea644bf4b39507f9851008e8e"

content-disposition@~0.5.2:
  version "0.5.3"
  resolved "https://registry.npmjs.org/content-disposition/-/content-disposition-0.5.3.tgz#e130caf7e7279087c5616c2007d0485698984fbd"
  dependencies:
    safe-buffer "5.1.2"

content-type@^1.0.4:
  version "1.0.4"
  resolved "https://registry.npmjs.org/content-type/-/content-type-1.0.4.tgz#e138cc75e040c727b1966fe5e5f8c9aee256fe3b"

cookies@~0.8.0:
  version "0.8.0"
  resolved "https://registry.npmjs.org/cookies/-/cookies-0.8.0.tgz#1293ce4b391740a8406e3c9870e828c4b54f3f90"
  dependencies:
    depd "~2.0.0"
    keygrip "~1.1.0"

core-util-is@~1.0.0:
  version "1.0.2"
  resolved "https://registry.npmjs.org/core-util-is/-/core-util-is-1.0.2.tgz#b5fd54220aa2bc5ab57aab7140c940754503c1a7"

debug@3.1.0, debug@~3.1.0:
  version "3.1.0"
  resolved "https://registry.npmjs.org/debug/-/debug-3.1.0.tgz#5bb5a0672628b64149566ba16819e61518c67261"
  dependencies:
    ms "2.0.0"

debug@^3.2.6:
  version "3.2.6"
  resolved "https://registry.npmjs.org/debug/-/debug-3.2.6.tgz#e83d17de16d8a7efb7717edbe5fb10135eee629b"
  dependencies:
    ms "^2.1.1"

debug@^4.1.1:
  version "4.2.0"
  resolved "https://registry.npmjs.org/debug/-/debug-4.2.0.tgz#7f150f93920e94c58f5574c2fd01a3110effe7f1"
  dependencies:
    ms "2.1.2"

deep-equal@~1.0.1:
  version "1.0.1"
  resolved "https://registry.npmjs.org/deep-equal/-/deep-equal-1.0.1.tgz#f5d260292b660e084eff4cdbc9f08ad3247448b5"

deep-extend@^0.6.0:
  version "0.6.0"
  resolved "https://registry.npmjs.org/deep-extend/-/deep-extend-0.6.0.tgz#c4fa7c95404a17a9c3e8ca7e1537312b736330ac"

delegates@^1.0.0:
  version "1.0.0"
  resolved "https://registry.npmjs.org/delegates/-/delegates-1.0.0.tgz#84c6e159b81904fdca59a0ef44cd870d31250f9a"

denque@^1.1.0, denque@^1.4.1:
  version "1.4.1"
  resolved "https://registry.npmjs.org/denque/-/denque-1.4.1.tgz#6744ff7641c148c3f8a69c307e51235c1f4a37cf"

depd@^1.1.2, depd@~1.1.2:
  version "1.1.2"
  resolved "https://registry.npmjs.org/depd/-/depd-1.1.2.tgz#9bcd52e14c097763e749b274c4346ed2e560b5a9"

depd@~2.0.0:
  version "2.0.0"
  resolved "https://registry.npmjs.org/depd/-/depd-2.0.0.tgz#b696163cc757560d09cf22cc8fad1571b79e76df"

destroy@^1.0.4:
  version "1.0.4"
  resolved "https://registry.npmjs.org/destroy/-/destroy-1.0.4.tgz#978857442c44749e4206613e37946205826abd80"

detect-libc@^1.0.2:
  version "1.0.3"
  resolved "https://registry.npmjs.org/detect-libc/-/detect-libc-1.0.3.tgz#fa137c4bd698edf55cd5cd02ac559f91a4c4ba9b"

diff@^4.0.1:
  version "4.0.2"
  resolved "https://registry.npmjs.org/diff/-/diff-4.0.2.tgz#60f3aecb89d5fae520c11aa19efc2bb982aade7d"

ecdsa-sig-formatter@1.0.11:
  version "1.0.11"
  resolved "https://registry.npmjs.org/ecdsa-sig-formatter/-/ecdsa-sig-formatter-1.0.11.tgz#ae0f0fa2d85045ef14a817daa3ce9acd0489e5bf"
  dependencies:
    safe-buffer "^5.0.1"

ee-first@1.1.1:
  version "1.1.1"
  resolved "https://registry.npmjs.org/ee-first/-/ee-first-1.1.1.tgz#590c61156b0ae2f4f0255732a158b266bc56b21d"

encodeurl@^1.0.2:
  version "1.0.2"
  resolved "https://registry.npmjs.org/encodeurl/-/encodeurl-1.0.2.tgz#ad3ff4c86ec2d029322f5a02c3a9a606c95b3f59"

escape-html@^1.0.3:
  version "1.0.3"
  resolved "https://registry.npmjs.org/escape-html/-/escape-html-1.0.3.tgz#0258eae4d3d0c0974de1c169188ef0051d1d1988"

escape-string-regexp@^1.0.5:
  version "1.0.5"
  resolved "https://registry.npmjs.org/escape-string-regexp/-/escape-string-regexp-1.0.5.tgz#1b61c0562190a8dff6ae3bb2cf0200ca130b86d4"

esprima@^4.0.0:
  version "4.0.1"
  resolved "https://registry.npmjs.org/esprima/-/esprima-4.0.1.tgz#13b04cdb3e6c5d19df91ab6987a8695619b0aa71"

formidable@^1.1.1:
  version "1.2.2"
  resolved "https://registry.npmjs.org/formidable/-/formidable-1.2.2.tgz#bf69aea2972982675f00865342b982986f6b8dd9"

fresh@~0.5.2:
  version "0.5.2"
  resolved "https://registry.npmjs.org/fresh/-/fresh-0.5.2.tgz#3d8cadd90d976569fa835ab1f8e4b23a105605a7"

fs-minipass@^1.2.5:
  version "1.2.7"
  resolved "https://registry.npmjs.org/fs-minipass/-/fs-minipass-1.2.7.tgz#ccff8570841e7fe4265693da88936c55aed7f7c7"
  dependencies:
    minipass "^2.6.0"

fs.realpath@^1.0.0:
  version "1.0.0"
  resolved "https://registry.npmjs.org/fs.realpath/-/fs.realpath-1.0.0.tgz#1504ad2523158caa40db4a2787cb01411994ea4f"

gauge@~2.7.3:
  version "2.7.4"
  resolved "https://registry.npmjs.org/gauge/-/gauge-2.7.4.tgz#2c03405c7538c39d7eb37b317022e325fb018bf7"
  dependencies:
    aproba "^1.0.3"
    console-control-strings "^1.0.0"
    has-unicode "^2.0.0"
    object-assign "^4.1.0"
    signal-exit "^3.0.0"
    string-width "^1.0.1"
    strip-ansi "^3.0.1"
    wide-align "^1.1.0"

glob@^7.1.1, glob@^7.1.3:
  version "7.1.6"
  resolved "https://registry.npmjs.org/glob/-/glob-7.1.6.tgz#141f33b81a7c2492e125594307480c46679278a6"
  dependencies:
    fs.realpath "^1.0.0"
    inflight "^1.0.4"
    inherits "2"
    minimatch "^3.0.4"
    once "^1.3.0"
    path-is-absolute "^1.0.0"

has-flag@^3.0.0:
  version "3.0.0"
  resolved "https://registry.npmjs.org/has-flag/-/has-flag-3.0.0.tgz#b5d454dc2199ae225699f3467e5a07f3b955bafd"

has-unicode@^2.0.0:
  version "2.0.1"
  resolved "https://registry.npmjs.org/has-unicode/-/has-unicode-2.0.1.tgz#e0e6fe6a28cf51138855e086d1691e771de2a8b9"

http-assert@^1.3.0:
  version "1.4.1"
  resolved "https://registry.npmjs.org/http-assert/-/http-assert-1.4.1.tgz#c5f725d677aa7e873ef736199b89686cceb37878"
  dependencies:
    deep-equal "~1.0.1"
    http-errors "~1.7.2"

http-errors@1.7.3, http-errors@~1.7.2:
  version "1.7.3"
  resolved "https://registry.npmjs.org/http-errors/-/http-errors-1.7.3.tgz#6c619e4f9c60308c38519498c14fbb10aacebb06"
  dependencies:
    depd "~1.1.2"
    inherits "2.0.4"
    setprototypeof "1.1.1"
    statuses ">= 1.5.0 < 2"
    toidentifier "1.0.0"

http-errors@^1.6.3, http-errors@^1.7.3:
  version "1.8.0"
  resolved "https://registry.npmjs.org/http-errors/-/http-errors-1.8.0.tgz#75d1bbe497e1044f51e4ee9e704a62f28d336507"
  dependencies:
    depd "~1.1.2"
    inherits "2.0.4"
    setprototypeof "1.2.0"
    statuses ">= 1.5.0 < 2"
    toidentifier "1.0.0"

iconv-lite@0.4.24, iconv-lite@^0.4.4:
  version "0.4.24"
  resolved "https://registry.npmjs.org/iconv-lite/-/iconv-lite-0.4.24.tgz#2022b4b25fbddc21d2f524974a474aafe733908b"
  dependencies:
    safer-buffer ">= 2.1.2 < 3"

ignore-walk@^3.0.1:
  version "3.0.3"
  resolved "https://registry.npmjs.org/ignore-walk/-/ignore-walk-3.0.3.tgz#017e2447184bfeade7c238e4aefdd1e8f95b1e37"
  dependencies:
    minimatch "^3.0.4"

inflation@^2.0.0:
  version "2.0.0"
  resolved "https://registry.npmjs.org/inflation/-/inflation-2.0.0.tgz#8b417e47c28f925a45133d914ca1fd389107f30f"

inflight@^1.0.4:
  version "1.0.6"
  resolved "https://registry.npmjs.org/inflight/-/inflight-1.0.6.tgz#49bd6331d7d02d0c09bc910a1075ba8165b56df9"
  dependencies:
    once "^1.3.0"
    wrappy "1"

inherits@2, inherits@2.0.4, inherits@~2.0.3:
  version "2.0.4"
  resolved "https://registry.npmjs.org/inherits/-/inherits-2.0.4.tgz#0fa2c64f932917c3433a0ded55363aae37416b7c"

ini@~1.3.0:
  version "1.3.5"
  resolved "https://registry.npmjs.org/ini/-/ini-1.3.5.tgz#eee25f56db1c9ec6085e0c22778083f596abf927"

ioredis@^4.14.1:
  version "4.18.0"
  resolved "https://registry.npmjs.org/ioredis/-/ioredis-4.18.0.tgz#40785bb76d30b2a50698dd9bb8d8add2a88fbef7"
  dependencies:
    cluster-key-slot "^1.1.0"
    debug "^4.1.1"
    denque "^1.1.0"
    lodash.defaults "^4.2.0"
    lodash.flatten "^4.4.0"
    redis-commands "1.6.0"
    redis-errors "^1.2.0"
    redis-parser "^3.0.0"
    standard-as-callback "^2.0.1"

is-fullwidth-code-point@^1.0.0:
  version "1.0.0"
  resolved "https://registry.npmjs.org/is-fullwidth-code-point/-/is-fullwidth-code-point-1.0.0.tgz#ef9e31386f031a7f0d643af82fde50c457ef00cb"
  dependencies:
    number-is-nan "^1.0.0"

is-fullwidth-code-point@^2.0.0:
  version "2.0.0"
  resolved "https://registry.npmjs.org/is-fullwidth-code-point/-/is-fullwidth-code-point-2.0.0.tgz#a3b30a5c4f199183167aaab93beefae3ddfb654f"

is-generator-function@^1.0.7:
  version "1.0.7"
  resolved "https://registry.npmjs.org/is-generator-function/-/is-generator-function-1.0.7.tgz#d2132e529bb0000a7f80794d4bdf5cd5e5813522"

isarray@~1.0.0:
  version "1.0.0"
  resolved "https://registry.npmjs.org/isarray/-/isarray-1.0.0.tgz#bb935d48582cba168c06834957a54a3e07124f11"

js-tokens@^4.0.0:
  version "4.0.0"
  resolved "https://registry.npmjs.org/js-tokens/-/js-tokens-4.0.0.tgz#19203fb59991df98e3a287050d4647cdeaf32499"

js-yaml@^3.13.1:
  version "3.14.0"
  resolved "https://registry.npmjs.org/js-yaml/-/js-yaml-3.14.0.tgz#a7a34170f26a21bb162424d8adacb4113a69e482"
  dependencies:
    argparse "^1.0.7"
    esprima "^4.0.0"

jsonwebtoken@^8.5.1:
  version "8.5.1"
  resolved "https://registry.npmjs.org/jsonwebtoken/-/jsonwebtoken-8.5.1.tgz#00e71e0b8df54c2121a1f26137df2280673bcc0d"
  dependencies:
    jws "^3.2.2"
    lodash.includes "^4.3.0"
    lodash.isboolean "^3.0.3"
    lodash.isinteger "^4.0.4"
    lodash.isnumber "^3.0.3"
    lodash.isplainobject "^4.0.6"
    lodash.isstring "^4.0.1"
    lodash.once "^4.0.0"
    ms "^2.1.1"
    semver "^5.6.0"

jwa@^1.4.1:
  version "1.4.1"
  resolved "https://registry.npmjs.org/jwa/-/jwa-1.4.1.tgz#743c32985cb9e98655530d53641b66c8645b039a"
  dependencies:
    buffer-equal-constant-time "1.0.1"
    ecdsa-sig-formatter "1.0.11"
    safe-buffer "^5.0.1"

jws@^3.2.2:
  version "3.2.2"
  resolved "https://registry.npmjs.org/jws/-/jws-3.2.2.tgz#001099f3639468c9414000e99995fa52fb478304"
  dependencies:
    jwa "^1.4.1"
    safe-buffer "^5.0.1"

kareem@2.3.1:
  version "2.3.1"
  resolved "https://registry.npmjs.org/kareem/-/kareem-2.3.1.tgz#def12d9c941017fabfb00f873af95e9c99e1be87"

keygrip@~1.1.0:
  version "1.1.0"
  resolved "https://registry.npmjs.org/keygrip/-/keygrip-1.1.0.tgz#871b1681d5e159c62a445b0c74b615e0917e7226"
  dependencies:
    tsscmp "1.0.6"

koa-body@^4.2.0:
  version "4.2.0"
  resolved "https://registry.npmjs.org/koa-body/-/koa-body-4.2.0.tgz#37229208b820761aca5822d14c5fc55cee31b26f"
  dependencies:
    "@types/formidable" "^1.0.31"
    co-body "^5.1.1"
    formidable "^1.1.1"

koa-compose@^3.0.0:
  version "3.2.1"
  resolved "https://registry.npmjs.org/koa-compose/-/koa-compose-3.2.1.tgz#a85ccb40b7d986d8e5a345b3a1ace8eabcf54de7"
  dependencies:
    any-promise "^1.1.0"

koa-compose@^4.1.0:
  version "4.1.0"
  resolved "https://registry.npmjs.org/koa-compose/-/koa-compose-4.1.0.tgz#507306b9371901db41121c812e923d0d67d3e877"

koa-convert@^1.2.0:
  version "1.2.0"
  resolved "https://registry.npmjs.org/koa-convert/-/koa-convert-1.2.0.tgz#da40875df49de0539098d1700b50820cebcd21d0"
  dependencies:
    co "^4.6.0"
    koa-compose "^3.0.0"

koa-json-error@^3.1.2:
  version "3.1.2"
  resolved "https://registry.npmjs.org/koa-json-error/-/koa-json-error-3.1.2.tgz#acad750c6739cb12cc4ea6c25f224d59b765abfe"
  dependencies:
    lodash.compact "^3.0.1"
    lodash.curry "^4.1.1"

koa-parameter@^3.0.1:
  version "3.0.1"
  resolved "https://registry.npmjs.org/koa-parameter/-/koa-parameter-3.0.1.tgz#b0645f2412eadb79d3a1808d17ed30824a54c887"
  dependencies:
    parameter "^2.2.0"

koa-redis@^4.0.1:
  version "4.0.1"
  resolved "https://registry.npmjs.org/koa-redis/-/koa-redis-4.0.1.tgz#57ac1b46d9ab851221a9f4952c1e8d4bf289db40"
  dependencies:
    "@babel/runtime" "^7.8.3"
    co-wrap-all "^1.0.0"
    debug "^4.1.1"
    ioredis "^4.14.1"

koa-router@^9.1.0:
  version "9.1.0"
  resolved "https://registry.npmjs.org/koa-router/-/koa-router-9.1.0.tgz#47d1ce2109fd62b1d76eb42df90b635ff93b6831"
  dependencies:
    debug "^4.1.1"
    http-errors "^1.7.3"
    koa-compose "^4.1.0"
    methods "^1.1.2"
    path-to-regexp "^6.1.0"

koa2-cors@^2.0.6:
  version "2.0.6"
  resolved "https://registry.npmjs.org/koa2-cors/-/koa2-cors-2.0.6.tgz#9ad23df3a0b9bb84530b46f5944f3fb576086554"

koa@^2.13.0:
  version "2.13.0"
  resolved "https://registry.npmjs.org/koa/-/koa-2.13.0.tgz#25217e05efd3358a7e5ddec00f0a380c9b71b501"
  dependencies:
    accepts "^1.3.5"
    cache-content-type "^1.0.0"
    content-disposition "~0.5.2"
    content-type "^1.0.4"
    cookies "~0.8.0"
    debug "~3.1.0"
    delegates "^1.0.0"
    depd "^1.1.2"
    destroy "^1.0.4"
    encodeurl "^1.0.2"
    escape-html "^1.0.3"
    fresh "~0.5.2"
    http-assert "^1.3.0"
    http-errors "^1.6.3"
    is-generator-function "^1.0.7"
    koa-compose "^4.1.0"
    koa-convert "^1.2.0"
    on-finished "^2.3.0"
    only "~0.0.2"
    parseurl "^1.3.2"
    statuses "^1.5.0"
    type-is "^1.6.16"
    vary "^1.1.2"

lodash.compact@^3.0.1:
  version "3.0.1"
  resolved "https://registry.npmjs.org/lodash.compact/-/lodash.compact-3.0.1.tgz#540ce3837745975807471e16b4a2ba21e7256ca5"

lodash.curry@^4.1.1:
  version "4.1.1"
  resolved "https://registry.npmjs.org/lodash.curry/-/lodash.curry-4.1.1.tgz#248e36072ede906501d75966200a86dab8b23170"

lodash.defaults@^4.2.0:
  version "4.2.0"
  resolved "https://registry.npmjs.org/lodash.defaults/-/lodash.defaults-4.2.0.tgz#d09178716ffea4dde9e5fb7b37f6f0802274580c"

lodash.flatten@^4.4.0:
  version "4.4.0"
  resolved "https://registry.npmjs.org/lodash.flatten/-/lodash.flatten-4.4.0.tgz#f31c22225a9632d2bbf8e4addbef240aa765a61f"

lodash.includes@^4.3.0:
  version "4.3.0"
  resolved "https://registry.npmjs.org/lodash.includes/-/lodash.includes-4.3.0.tgz#60bb98a87cb923c68ca1e51325483314849f553f"

lodash.isboolean@^3.0.3:
  version "3.0.3"
  resolved "https://registry.npmjs.org/lodash.isboolean/-/lodash.isboolean-3.0.3.tgz#6c2e171db2a257cd96802fd43b01b20d5f5870f6"

lodash.isinteger@^4.0.4:
  version "4.0.4"
  resolved "https://registry.npmjs.org/lodash.isinteger/-/lodash.isinteger-4.0.4.tgz#619c0af3d03f8b04c31f5882840b77b11cd68343"

lodash.isnumber@^3.0.3:
  version "3.0.3"
  resolved "https://registry.npmjs.org/lodash.isnumber/-/lodash.isnumber-3.0.3.tgz#3ce76810c5928d03352301ac287317f11c0b1ffc"

lodash.isplainobject@^4.0.6:
  version "4.0.6"
  resolved "https://registry.npmjs.org/lodash.isplainobject/-/lodash.isplainobject-4.0.6.tgz#7c526a52d89b45c45cc690b88163be0497f550cb"

lodash.isstring@^4.0.1:
  version "4.0.1"
  resolved "https://registry.npmjs.org/lodash.isstring/-/lodash.isstring-4.0.1.tgz#d527dfb5456eca7cc9bb95d5daeaf88ba54a5451"

lodash.once@^4.0.0:
  version "4.1.1"
  resolved "https://registry.npmjs.org/lodash.once/-/lodash.once-4.1.1.tgz#0dd3971213c7c56df880977d504c88fb471a97ac"

lodash@^4.17.19:
  version "4.17.19"
  resolved "https://registry.npmjs.org/lodash/-/lodash-4.17.19.tgz#e48ddedbe30b3321783c5b4301fbd353bc1e4a4b"

media-typer@0.3.0:
  version "0.3.0"
  resolved "https://registry.npmjs.org/media-typer/-/media-typer-0.3.0.tgz#8710d7af0aa626f8fffa1ce00168545263255748"

memory-pager@^1.0.2:
  version "1.5.0"
  resolved "https://registry.npmjs.org/memory-pager/-/memory-pager-1.5.0.tgz#d8751655d22d384682741c972f2c3d6dfa3e66b5"

methods@^1.1.2:
  version "1.1.2"
  resolved "https://registry.npmjs.org/methods/-/methods-1.1.2.tgz#5529a4d67654134edcc5266656835b0f851afcee"

mime-db@1.44.0:
  version "1.44.0"
  resolved "https://registry.npmjs.org/mime-db/-/mime-db-1.44.0.tgz#fa11c5eb0aca1334b4233cb4d52f10c5a6272f92"

mime-types@^2.1.18, mime-types@~2.1.24:
  version "2.1.27"
  resolved "https://registry.npmjs.org/mime-types/-/mime-types-2.1.27.tgz#47949f98e279ea53119f5722e0f34e529bec009f"
  dependencies:
    mime-db "1.44.0"

minimatch@^3.0.4:
  version "3.0.4"
  resolved "https://registry.npmjs.org/minimatch/-/minimatch-3.0.4.tgz#5166e286457f03306064be5497e8dbb0c3d32083"
  dependencies:
    brace-expansion "^1.1.7"

minimist@^1.2.0, minimist@^1.2.5:
  version "1.2.5"
  resolved "https://registry.npmjs.org/minimist/-/minimist-1.2.5.tgz#67d66014b66a6a8aaa0c083c5fd58df4e4e97602"

minipass@^2.6.0, minipass@^2.8.6, minipass@^2.9.0:
  version "2.9.0"
  resolved "https://registry.npmjs.org/minipass/-/minipass-2.9.0.tgz#e713762e7d3e32fed803115cf93e04bca9fcc9a6"
  dependencies:
    safe-buffer "^5.1.2"
    yallist "^3.0.0"

minizlib@^1.2.1:
  version "1.3.3"
  resolved "https://registry.npmjs.org/minizlib/-/minizlib-1.3.3.tgz#2290de96818a34c29551c8a8d301216bd65a861d"
  dependencies:
    minipass "^2.9.0"

mkdirp@^0.5.0, mkdirp@^0.5.3:
  version "0.5.5"
  resolved "https://registry.npmjs.org/mkdirp/-/mkdirp-0.5.5.tgz#d91cefd62d1436ca0f41620e251288d420099def"
  dependencies:
    minimist "^1.2.5"

moment@^2.27.0:
  version "2.27.0"
  resolved "https://registry.npmjs.org/moment/-/moment-2.27.0.tgz#8bff4e3e26a236220dfe3e36de756b6ebaa0105d"

mongodb@3.5.10:
  version "3.5.10"
  resolved "https://registry.npmjs.org/mongodb/-/mongodb-3.5.10.tgz#ed414988d2935b529004cead6dfdd22681258887"
  dependencies:
    bl "^2.2.0"
    bson "^1.1.4"
    denque "^1.4.1"
    require_optional "^1.0.1"
    safe-buffer "^5.1.2"
  optionalDependencies:
    saslprep "^1.0.0"

mongoose-legacy-pluralize@1.0.2:
  version "1.0.2"
  resolved "https://registry.npmjs.org/mongoose-legacy-pluralize/-/mongoose-legacy-pluralize-1.0.2.tgz#3ba9f91fa507b5186d399fb40854bff18fb563e4"

mongoose@^5.9.26:
  version "5.9.27"
  resolved "https://registry.npmjs.org/mongoose/-/mongoose-5.9.27.tgz#914cbc2a454520934fbbf2c0e366d9c7d8076b3b"
  dependencies:
    bson "^1.1.4"
    kareem "2.3.1"
    mongodb "3.5.10"
    mongoose-legacy-pluralize "1.0.2"
    mpath "0.7.0"
    mquery "3.2.2"
    ms "2.1.2"
    regexp-clone "1.0.0"
    safe-buffer "5.2.1"
    sift "7.0.1"
    sliced "1.0.1"

mpath@0.7.0:
  version "0.7.0"
  resolved "https://registry.npmjs.org/mpath/-/mpath-0.7.0.tgz#20e8102e276b71709d6e07e9f8d4d0f641afbfb8"

mquery@3.2.2:
  version "3.2.2"
  resolved "https://registry.npmjs.org/mquery/-/mquery-3.2.2.tgz#e1383a3951852ce23e37f619a9b350f1fb3664e7"
  dependencies:
    bluebird "3.5.1"
    debug "3.1.0"
    regexp-clone "^1.0.0"
    safe-buffer "5.1.2"
    sliced "1.0.1"

ms@2.0.0:
  version "2.0.0"
  resolved "https://registry.npmjs.org/ms/-/ms-2.0.0.tgz#5608aeadfc00be6c2901df5f9861788de0d597c8"

ms@2.1.2, ms@^2.1.1:
  version "2.1.2"
  resolved "https://registry.npmjs.org/ms/-/ms-2.1.2.tgz#d09d1f357b443f493382a8eb3ccd183872ae6009"

needle@^2.5.0:
  version "2.5.0"
  resolved "https://registry.npmjs.org/needle/-/needle-2.5.0.tgz#e6fc4b3cc6c25caed7554bd613a5cf0bac8c31c0"
  dependencies:
    debug "^3.2.6"
    iconv-lite "^0.4.4"
    sax "^1.2.4"

negotiator@0.6.2:
  version "0.6.2"
  resolved "https://registry.npmjs.org/negotiator/-/negotiator-0.6.2.tgz#feacf7ccf525a77ae9634436a64883ffeca346fb"

node-addon-api@^3.0.0:
  version "3.0.1"
  resolved "https://registry.npmjs.org/node-addon-api/-/node-addon-api-3.0.1.tgz#990544a2607ec3f538443df4858f8c40089b7783"

node-pre-gyp@0.15.0:
  version "0.15.0"
  resolved "https://registry.npmjs.org/node-pre-gyp/-/node-pre-gyp-0.15.0.tgz#c2fc383276b74c7ffa842925241553e8b40f1087"
  dependencies:
    detect-libc "^1.0.2"
    mkdirp "^0.5.3"
    needle "^2.5.0"
    nopt "^4.0.1"
    npm-packlist "^1.1.6"
    npmlog "^4.0.2"
    rc "^1.2.7"
    rimraf "^2.6.1"
    semver "^5.3.0"
    tar "^4.4.2"

nodemailer@^6.4.11:
  version "6.4.11"
  resolved "https://registry.npmjs.org/nodemailer/-/nodemailer-6.4.11.tgz#1f00b4ffd106403f17c03f3d43d5945b2677046c"

nopt@^4.0.1:
  version "4.0.3"
  resolved "https://registry.npmjs.org/nopt/-/nopt-4.0.3.tgz#a375cad9d02fd921278d954c2254d5aa57e15e48"
  dependencies:
    abbrev "1"
    osenv "^0.1.4"

npm-bundled@^1.0.1:
  version "1.1.1"
  resolved "https://registry.npmjs.org/npm-bundled/-/npm-bundled-1.1.1.tgz#1edd570865a94cdb1bc8220775e29466c9fb234b"
  dependencies:
    npm-normalize-package-bin "^1.0.1"

npm-normalize-package-bin@^1.0.1:
  version "1.0.1"
  resolved "https://registry.npmjs.org/npm-normalize-package-bin/-/npm-normalize-package-bin-1.0.1.tgz#6e79a41f23fd235c0623218228da7d9c23b8f6e2"

npm-packlist@^1.1.6:
  version "1.4.8"
  resolved "https://registry.npmjs.org/npm-packlist/-/npm-packlist-1.4.8.tgz#56ee6cc135b9f98ad3d51c1c95da22bbb9b2ef3e"
  dependencies:
    ignore-walk "^3.0.1"
    npm-bundled "^1.0.1"
    npm-normalize-package-bin "^1.0.1"

npmlog@^4.0.2:
  version "4.1.2"
  resolved "https://registry.npmjs.org/npmlog/-/npmlog-4.1.2.tgz#08a7f2a8bf734604779a9efa4ad5cc717abb954b"
  dependencies:
    are-we-there-yet "~1.1.2"
    console-control-strings "~1.1.0"
    gauge "~2.7.3"
    set-blocking "~2.0.0"

number-is-nan@^1.0.0:
  version "1.0.1"
  resolved "https://registry.npmjs.org/number-is-nan/-/number-is-nan-1.0.1.tgz#097b602b53422a522c1afb8790318336941a011d"

object-assign@^4.1.0:
  version "4.1.1"
  resolved "https://registry.npmjs.org/object-assign/-/object-assign-4.1.1.tgz#2109adc7965887cfc05cbbd442cac8bfbb360863"

on-finished@^2.3.0:
  version "2.3.0"
  resolved "https://registry.npmjs.org/on-finished/-/on-finished-2.3.0.tgz#20f1336481b083cd75337992a16971aa2d906947"
  dependencies:
    ee-first "1.1.1"

once@^1.3.0:
  version "1.4.0"
  resolved "https://registry.npmjs.org/once/-/once-1.4.0.tgz#583b1aa775961d4b113ac17d9c50baef9dd76bd1"
  dependencies:
    wrappy "1"

only@~0.0.2:
  version "0.0.2"
  resolved "https://registry.npmjs.org/only/-/only-0.0.2.tgz#2afde84d03e50b9a8edc444e30610a70295edfb4"

os-homedir@^1.0.0:
  version "1.0.2"
  resolved "https://registry.npmjs.org/os-homedir/-/os-homedir-1.0.2.tgz#ffbc4988336e0e833de0c168c7ef152121aa7fb3"

os-tmpdir@^1.0.0:
  version "1.0.2"
  resolved "https://registry.npmjs.org/os-tmpdir/-/os-tmpdir-1.0.2.tgz#bbe67406c79aa85c5cfec766fe5734555dfa1274"

osenv@^0.1.4:
  version "0.1.5"
  resolved "https://registry.npmjs.org/osenv/-/osenv-0.1.5.tgz#85cdfafaeb28e8677f416e287592b5f3f49ea410"
  dependencies:
    os-homedir "^1.0.0"
    os-tmpdir "^1.0.0"

parameter@^2.2.0:
  version "2.4.0"
  resolved "https://registry.npmjs.org/parameter/-/parameter-2.4.0.tgz#85ea52e9dfee80265a07b086edbc352e68b39733"

parseurl@^1.3.2:
  version "1.3.3"
  resolved "https://registry.npmjs.org/parseurl/-/parseurl-1.3.3.tgz#9da19e7bee8d12dff0513ed5b76957793bc2e8d4"

path-is-absolute@^1.0.0:
  version "1.0.1"
  resolved "https://registry.npmjs.org/path-is-absolute/-/path-is-absolute-1.0.1.tgz#174b9268735534ffbc7ace6bf53a5a9e1b5c5f5f"

path-parse@^1.0.6:
  version "1.0.6"
  resolved "https://registry.npmjs.org/path-parse/-/path-parse-1.0.6.tgz#d62dbb5679405d72c4737ec58600e9ddcf06d24c"

path-to-regexp@^6.1.0:
  version "6.1.0"
  resolved "https://registry.npmjs.org/path-to-regexp/-/path-to-regexp-6.1.0.tgz#0b18f88b7a0ce0bfae6a25990c909ab86f512427"

process-nextick-args@~2.0.0:
  version "2.0.1"
  resolved "https://registry.npmjs.org/process-nextick-args/-/process-nextick-args-2.0.1.tgz#7820d9b16120cc55ca9ae7792680ae7dba6d7fe2"

qs@^6.4.0:
  version "6.9.4"
  resolved "https://registry.npmjs.org/qs/-/qs-6.9.4.tgz#9090b290d1f91728d3c22e54843ca44aea5ab687"

raw-body@^2.2.0:
  version "2.4.1"
  resolved "https://registry.npmjs.org/raw-body/-/raw-body-2.4.1.tgz#30ac82f98bb5ae8c152e67149dac8d55153b168c"
  dependencies:
    bytes "3.1.0"
    http-errors "1.7.3"
    iconv-lite "0.4.24"
    unpipe "1.0.0"

rc@^1.2.7:
  version "1.2.8"
  resolved "https://registry.npmjs.org/rc/-/rc-1.2.8.tgz#cd924bf5200a075b83c188cd6b9e211b7fc0d3ed"
  dependencies:
    deep-extend "^0.6.0"
    ini "~1.3.0"
    minimist "^1.2.0"
    strip-json-comments "~2.0.1"

readable-stream@^2.0.6, readable-stream@^2.3.5:
  version "2.3.7"
  resolved "https://registry.npmjs.org/readable-stream/-/readable-stream-2.3.7.tgz#1eca1cf711aef814c04f62252a36a62f6cb23b57"
  dependencies:
    core-util-is "~1.0.0"
    inherits "~2.0.3"
    isarray "~1.0.0"
    process-nextick-args "~2.0.0"
    safe-buffer "~5.1.1"
    string_decoder "~1.1.1"
    util-deprecate "~1.0.1"

redis-commands@1.6.0:
  version "1.6.0"
  resolved "https://registry.npmjs.org/redis-commands/-/redis-commands-1.6.0.tgz#36d4ca42ae9ed29815cdb30ad9f97982eba1ce23"

redis-errors@^1.0.0, redis-errors@^1.2.0:
  version "1.2.0"
  resolved "https://registry.npmjs.org/redis-errors/-/redis-errors-1.2.0.tgz#eb62d2adb15e4eaf4610c04afe1529384250abad"

redis-parser@^3.0.0:
  version "3.0.0"
  resolved "https://registry.npmjs.org/redis-parser/-/redis-parser-3.0.0.tgz#b66d828cdcafe6b4b8a428a7def4c6bcac31c8b4"
  dependencies:
    redis-errors "^1.0.0"

regenerator-runtime@^0.13.4:
  version "0.13.7"
  resolved "https://registry.npmjs.org/regenerator-runtime/-/regenerator-runtime-0.13.7.tgz#cac2dacc8a1ea675feaabaeb8ae833898ae46f55"

regexp-clone@1.0.0, regexp-clone@^1.0.0:
  version "1.0.0"
  resolved "https://registry.npmjs.org/regexp-clone/-/regexp-clone-1.0.0.tgz#222db967623277056260b992626354a04ce9bf63"

require_optional@^1.0.1:
  version "1.0.1"
  resolved "https://registry.npmjs.org/require_optional/-/require_optional-1.0.1.tgz#4cf35a4247f64ca3df8c2ef208cc494b1ca8fc2e"
  dependencies:
    resolve-from "^2.0.0"
    semver "^5.1.0"

resolve-from@^2.0.0:
  version "2.0.0"
  resolved "https://registry.npmjs.org/resolve-from/-/resolve-from-2.0.0.tgz#9480ab20e94ffa1d9e80a804c7ea147611966b57"

resolve@^1.3.2:
  version "1.17.0"
  resolved "https://registry.npmjs.org/resolve/-/resolve-1.17.0.tgz#b25941b54968231cc2d1bb76a79cb7f2c0bf8444"
  dependencies:
    path-parse "^1.0.6"

rimraf@^2.6.1:
  version "2.7.1"
  resolved "https://registry.npmjs.org/rimraf/-/rimraf-2.7.1.tgz#35797f13a7fdadc566142c29d4f07ccad483e3ec"
  dependencies:
    glob "^7.1.3"

safe-buffer@5.1.2, safe-buffer@~5.1.0, safe-buffer@~5.1.1:
  version "5.1.2"
  resolved "https://registry.npmjs.org/safe-buffer/-/safe-buffer-5.1.2.tgz#991ec69d296e0313747d59bdfd2b745c35f8828d"

safe-buffer@5.2.1, safe-buffer@^5.0.1, safe-buffer@^5.1.1, safe-buffer@^5.1.2:
  version "5.2.1"
  resolved "https://registry.npmjs.org/safe-buffer/-/safe-buffer-5.2.1.tgz#1eaf9fa9bdb1fdd4ec75f58f9cdb4e6b7827eec6"

"safer-buffer@>= 2.1.2 < 3":
  version "2.1.2"
  resolved "https://registry.npmjs.org/safer-buffer/-/safer-buffer-2.1.2.tgz#44fa161b0187b9549dd84bb91802f9bd8385cd6a"

saslprep@^1.0.0:
  version "1.0.3"
  resolved "https://registry.npmjs.org/saslprep/-/saslprep-1.0.3.tgz#4c02f946b56cf54297e347ba1093e7acac4cf226"
  dependencies:
    sparse-bitfield "^3.0.3"

sax@^1.2.4:
  version "1.2.4"
  resolved "https://registry.npmjs.org/sax/-/sax-1.2.4.tgz#2816234e2378bddc4e5354fab5caa895df7100d9"

semver@^5.1.0, semver@^5.3.0, semver@^5.6.0:
  version "5.7.1"
  resolved "https://registry.npmjs.org/semver/-/semver-5.7.1.tgz#a954f931aeba508d307bbf069eff0c01c96116f7"

set-blocking@~2.0.0:
  version "2.0.0"
  resolved "https://registry.npmjs.org/set-blocking/-/set-blocking-2.0.0.tgz#045f9782d011ae9a6803ddd382b24392b3d890f7"

setprototypeof@1.1.1:
  version "1.1.1"
  resolved "https://registry.npmjs.org/setprototypeof/-/setprototypeof-1.1.1.tgz#7e95acb24aa92f5885e0abef5ba131330d4ae683"

setprototypeof@1.2.0:
  version "1.2.0"
  resolved "https://registry.npmjs.org/setprototypeof/-/setprototypeof-1.2.0.tgz#66c9a24a73f9fc28cbe66b09fed3d33dcaf1b424"

sift@7.0.1:
  version "7.0.1"
  resolved "https://registry.npmjs.org/sift/-/sift-7.0.1.tgz#47d62c50b159d316f1372f8b53f9c10cd21a4b08"

signal-exit@^3.0.0:
  version "3.0.3"
  resolved "https://registry.npmjs.org/signal-exit/-/signal-exit-3.0.3.tgz#a1410c2edd8f077b08b4e253c8eacfcaf057461c"

sliced@1.0.1:
  version "1.0.1"
  resolved "https://registry.npmjs.org/sliced/-/sliced-1.0.1.tgz#0b3a662b5d04c3177b1926bea82b03f837a2ef41"

sparse-bitfield@^3.0.3:
  version "3.0.3"
  resolved "https://registry.npmjs.org/sparse-bitfield/-/sparse-bitfield-3.0.3.tgz#ff4ae6e68656056ba4b3e792ab3334d38273ca11"
  dependencies:
    memory-pager "^1.0.2"

sprintf-js@~1.0.2:
  version "1.0.3"
  resolved "https://registry.npmjs.org/sprintf-js/-/sprintf-js-1.0.3.tgz#04e6926f662895354f3dd015203633b857297e2c"

standard-as-callback@^2.0.1:
  version "2.0.1"
  resolved "https://registry.npmjs.org/standard-as-callback/-/standard-as-callback-2.0.1.tgz#ed8bb25648e15831759b6023bdb87e6b60b38126"

"statuses@>= 1.5.0 < 2", statuses@^1.5.0:
  version "1.5.0"
  resolved "https://registry.npmjs.org/statuses/-/statuses-1.5.0.tgz#161c7dac177659fd9811f43771fa99381478628c"

string-width@^1.0.1:
  version "1.0.2"
  resolved "https://registry.npmjs.org/string-width/-/string-width-1.0.2.tgz#118bdf5b8cdc51a2a7e70d211e07e2b0b9b107d3"
  dependencies:
    code-point-at "^1.0.0"
    is-fullwidth-code-point "^1.0.0"
    strip-ansi "^3.0.0"

"string-width@^1.0.2 || 2":
  version "2.1.1"
  resolved "https://registry.npmjs.org/string-width/-/string-width-2.1.1.tgz#ab93f27a8dc13d28cac815c462143a6d9012ae9e"
  dependencies:
    is-fullwidth-code-point "^2.0.0"
    strip-ansi "^4.0.0"

string_decoder@~1.1.1:
  version "1.1.1"
  resolved "https://registry.npmjs.org/string_decoder/-/string_decoder-1.1.1.tgz#9cf1611ba62685d7030ae9e4ba34149c3af03fc8"
  dependencies:
    safe-buffer "~5.1.0"

strip-ansi@^3.0.0, strip-ansi@^3.0.1:
  version "3.0.1"
  resolved "https://registry.npmjs.org/strip-ansi/-/strip-ansi-3.0.1.tgz#6a385fb8853d952d5ff05d0e8aaf94278dc63dcf"
  dependencies:
    ansi-regex "^2.0.0"

strip-ansi@^4.0.0:
  version "4.0.0"
  resolved "https://registry.npmjs.org/strip-ansi/-/strip-ansi-4.0.0.tgz#a8479022eb1ac368a871389b635262c505ee368f"
  dependencies:
    ansi-regex "^3.0.0"

strip-json-comments@~2.0.1:
  version "2.0.1"
  resolved "https://registry.npmjs.org/strip-json-comments/-/strip-json-comments-2.0.1.tgz#3c531942e908c2697c0ec344858c286c7ca0a60a"

supports-color@^5.3.0:
  version "5.5.0"
  resolved "https://registry.npmjs.org/supports-color/-/supports-color-5.5.0.tgz#e2e69a44ac8772f78a1ec0b35b689df6530efc8f"
  dependencies:
    has-flag "^3.0.0"

tar@^4.4.2:
  version "4.4.13"
  resolved "https://registry.npmjs.org/tar/-/tar-4.4.13.tgz#43b364bc52888d555298637b10d60790254ab525"
  dependencies:
    chownr "^1.1.1"
    fs-minipass "^1.2.5"
    minipass "^2.8.6"
    minizlib "^1.2.1"
    mkdirp "^0.5.0"
    safe-buffer "^5.1.2"
    yallist "^3.0.3"

toidentifier@1.0.0:
  version "1.0.0"
  resolved "https://registry.npmjs.org/toidentifier/-/toidentifier-1.0.0.tgz#7e1be3470f1e77948bc43d94a3c8f4d7752ba553"

tslib@^1.13.0, tslib@^1.8.1:
  version "1.13.0"
  resolved "https://registry.npmjs.org/tslib/-/tslib-1.13.0.tgz#c881e13cc7015894ed914862d276436fa9a47043"

tslint@^6.1.2:
  version "6.1.3"
  resolved "https://registry.npmjs.org/tslint/-/tslint-6.1.3.tgz#5c23b2eccc32487d5523bd3a470e9aa31789d904"
  dependencies:
    "@babel/code-frame" "^7.0.0"
    builtin-modules "^1.1.1"
    chalk "^2.3.0"
    commander "^2.12.1"
    diff "^4.0.1"
    glob "^7.1.1"
    js-yaml "^3.13.1"
    minimatch "^3.0.4"
    mkdirp "^0.5.3"
    resolve "^1.3.2"
    semver "^5.3.0"
    tslib "^1.13.0"
    tsutils "^2.29.0"

tsscmp@1.0.6:
  version "1.0.6"
  resolved "https://registry.npmjs.org/tsscmp/-/tsscmp-1.0.6.tgz#85b99583ac3589ec4bfef825b5000aa911d605eb"

tsutils@^2.29.0:
  version "2.29.0"
  resolved "https://registry.npmjs.org/tsutils/-/tsutils-2.29.0.tgz#32b488501467acbedd4b85498673a0812aca0b99"
  dependencies:
    tslib "^1.8.1"

type-is@^1.6.14, type-is@^1.6.16:
  version "1.6.18"
  resolved "https://registry.npmjs.org/type-is/-/type-is-1.6.18.tgz#4e552cd05df09467dcbc4ef739de89f2cf37c131"
  dependencies:
    media-typer "0.3.0"
    mime-types "~2.1.24"

typescript@^3.9.7:
  version "3.9.7"
  resolved "https://registry.npmjs.org/typescript/-/typescript-3.9.7.tgz#98d600a5ebdc38f40cb277522f12dc800e9e25fa"

unpipe@1.0.0:
  version "1.0.0"
  resolved "https://registry.npmjs.org/unpipe/-/unpipe-1.0.0.tgz#b2bf4ee8514aae6165b4817829d21b2ef49904ec"

util-deprecate@~1.0.1:
  version "1.0.2"
  resolved "https://registry.npmjs.org/util-deprecate/-/util-deprecate-1.0.2.tgz#450d4dc9fa70de732762fbd2d4a28981419a0ccf"

vary@^1.1.2:
  version "1.1.2"
  resolved "https://registry.npmjs.org/vary/-/vary-1.1.2.tgz#2299f02c6ded30d4a5961b0b9f74524a18f634fc"

wide-align@^1.1.0:
  version "1.1.3"
  resolved "https://registry.npmjs.org/wide-align/-/wide-align-1.1.3.tgz#ae074e6bdc0c14a431e804e624549c633b000457"
  dependencies:
    string-width "^1.0.2 || 2"

wrappy@1:
  version "1.0.2"
  resolved "https://registry.npmjs.org/wrappy/-/wrappy-1.0.2.tgz#b5243d8f3ec1aa35f1364605bc0d1036e30ab69f"

yallist@^3.0.0, yallist@^3.0.3:
  version "3.1.1"
  resolved "https://registry.npmjs.org/yallist/-/yallist-3.1.1.tgz#dbb7daf9bfd8bac9ab45ebf602b8cbad0d5d08fd"

ylru@^1.2.0:
  version "1.2.1"
  resolved "https://registry.npmjs.org/ylru/-/ylru-1.2.1.tgz#f576b63341547989c1de7ba288760923b27fe84f"
